{
  "version": "5",
  "specifiers": {
    "jsr:@hono/hono@^4.6.3": "4.10.8",
    "jsr:@std/assert@^1.0.12": "1.0.16",
    "jsr:@std/assert@^1.0.15": "1.0.16",
    "jsr:@std/data-structures@^1.0.9": "1.0.9",
    "jsr:@std/internal@^1.0.12": "1.0.12",
    "jsr:@std/testing@^1.0.12": "1.0.16",
    "npm:@supabase/supabase-js@^2.87.1": "2.87.1",
    "npm:@types/node@*": "24.2.0",
    "npm:rabbitmq-client@^5.0.8": "5.0.8"
  },
  "jsr": {
    "@hono/hono@4.10.8": {
      "integrity": "afdbfc8d3028faa79d0d23096265cb41863f7f49cbf8542959bbdffc4c71365a"
    },
    "@std/assert@1.0.16": {
      "integrity": "6a7272ed1eaa77defe76e5ff63ca705d9c495077e2d5fd0126d2b53fc5bd6532",
      "dependencies": [
        "jsr:@std/internal"
      ]
    },
    "@std/data-structures@1.0.9": {
      "integrity": "033d6e17e64bf1f84a614e647c1b015fa2576ae3312305821e1a4cb20674bb4d"
    },
    "@std/internal@1.0.12": {
      "integrity": "972a634fd5bc34b242024402972cd5143eac68d8dffaca5eaa4dba30ce17b027"
    },
    "@std/testing@1.0.16": {
      "integrity": "a917ffdeb5924c9be436dc78bc32e511760e14d3a96e49c607fc5ecca86d0092",
      "dependencies": [
        "jsr:@std/assert@^1.0.15",
        "jsr:@std/data-structures"
      ]
    }
  },
  "npm": {
    "@supabase/auth-js@2.87.1": {
      "integrity": "sha512-6RDeOf5TVoaXFtEstN188ykp3pXLZaU9qoAWfx8dc50FFAAqt+kcFJ96V0IvSmcpb4mDAWcpTJ7BegmVDn/WIw==",
      "dependencies": [
        "tslib"
      ]
    },
    "@supabase/functions-js@2.87.1": {
      "integrity": "sha512-rWmYo4gRD0XAjMhYDlz7IH67bp4TIQ1UE4VqwIQtl1gGPwtLDq6wcRnu7jLKlXx0Gtrknw/eoiHYG9//XrCTzQ==",
      "dependencies": [
        "tslib"
      ]
    },
    "@supabase/postgrest-js@2.87.1": {
      "integrity": "sha512-Yzu5eL3iGmZW0C/8x+vEojAOou63FI9oVw8HI8YOq63+5yM8g8aGh7Y1E2vbXFb7+gHGsPqLnaC6dPhrYt7qBA==",
      "dependencies": [
        "tslib"
      ]
    },
    "@supabase/realtime-js@2.87.1": {
      "integrity": "sha512-XvLtEznxmYZXA7LYuy5zbSXpSYjDLJq2wQeRh3MzON2OR4U8Kq+RtPz2E2Wi8HEzvBfsc+nNu1TG8LQ9+3DRkA==",
      "dependencies": [
        "@types/phoenix",
        "@types/ws",
        "tslib",
        "ws"
      ]
    },
    "@supabase/storage-js@2.87.1": {
      "integrity": "sha512-0Uc8tNV4yzkNNmp1inpXru0RB4a7ECq05G2S6BDvSpMxTxJrDVJ4vVDwyhqB8ZZ+O9+8prHaQYoByQeuDnwpFQ==",
      "dependencies": [
        "iceberg-js",
        "tslib"
      ]
    },
    "@supabase/supabase-js@2.87.1": {
      "integrity": "sha512-tVgqZqnHZVum584KuUKSQZgcy6ZkhVd6gG8QWg2QfIXH9HmXdamauxdVsLXwaNPJxEdOyfAfwIyi5XUsiVYWtg==",
      "dependencies": [
        "@supabase/auth-js",
        "@supabase/functions-js",
        "@supabase/postgrest-js",
        "@supabase/realtime-js",
        "@supabase/storage-js"
      ]
    },
    "@types/node@24.2.0": {
      "integrity": "sha512-3xyG3pMCq3oYCNg7/ZP+E1ooTaGB4cG8JWRsqqOYQdbWNY4zbaV0Ennrd7stjiJEFZCaybcIgpTjJWHRfBSIDw==",
      "dependencies": [
        "undici-types"
      ]
    },
    "@types/phoenix@1.6.7": {
      "integrity": "sha512-oN9ive//QSBkf19rfDv45M7eZPi0eEXylht2OLEXicu5b4KoQ1OzXIw+xDSGWxSxe1JmepRR/ZH283vsu518/Q=="
    },
    "@types/ws@8.18.1": {
      "integrity": "sha512-ThVF6DCVhA8kUGy+aazFQ4kXQ7E1Ty7A3ypFOe0IcJV8O/M511G99AW24irKrW56Wt44yG9+ij8FaqoBGkuBXg==",
      "dependencies": [
        "@types/node"
      ]
    },
    "iceberg-js@0.8.1": {
      "integrity": "sha512-1dhVQZXhcHje7798IVM+xoo/1ZdVfzOMIc8/rgVSijRK38EDqOJoGula9N/8ZI5RD8QTxNQtK/Gozpr+qUqRRA=="
    },
    "rabbitmq-client@5.0.8": {
      "integrity": "sha512-nNto/okuVq+d/OamRYX4HIiCkHdOE0RICIDRjS4YQUo2DI/l3R9RlsFaEEYSjIc+LT6DV+1wUub3nD1HwrM4SQ=="
    },
    "tslib@2.8.1": {
      "integrity": "sha512-oJFu94HQb+KVduSUQL7wnpmqnfmLsOA/nAh6b6EH0wCEoK0/mPeXU6c3wKDV83MkOuHPRHtSXKKU99IBazS/2w=="
    },
    "undici-types@7.10.0": {
      "integrity": "sha512-t5Fy/nfn+14LuOc2KNYg75vZqClpAiqscVvMygNnlsHBFpSXdJaYtXMcdNLpl/Qvc3P2cB3s6lOV51nqsFq4ag=="
    },
    "ws@8.18.3": {
      "integrity": "sha512-PEIGCY5tSlUt50cqyMXfCzX+oOPqN0vuGqWzbcJ2xvnkzkq46oOpz7dQaTDBdfICb4N14+GARUDw2XV2N4tvzg=="
    }
  },
  "remote": {
    "https://deno.land/std@0.208.0/async/delay.ts": "a6142eb44cdd856b645086af2b811b1fcce08ec06bb7d50969e6a872ee9b8659",
    "https://deno.land/std@0.208.0/http/server.ts": "f3cde6672e631d3e00785743cfa96bfed275618c0352c5ae84abbe5a2e0e4afc"
  },
  "workspace": {
    "dependencies": [
      "jsr:@hono/hono@^4.6.3",
      "jsr:@std/assert@^1.0.12",
      "jsr:@std/testing@^1.0.12",
      "npm:@supabase/supabase-js@^2.87.1",
      "npm:rabbitmq-client@^5.0.8"
    ]
  }
}
